// !$*UTF8*$!
{
	archiveVersion = 1;
	classes = {
	};
	objectVersion = 50;
	objects = {

/* Begin PBXBuildFile section */
		EA057A4426963933001F613E /* BackgroundImageView.swift in Sources */ = {isa = PBXBuildFile; fileRef = EA057A4326963933001F613E /* BackgroundImageView.swift */; };
		EA057A4626963A65001F613E /* NewTaskItemView.swift in Sources */ = {isa = PBXBuildFile; fileRef = EA057A4526963A65001F613E /* NewTaskItemView.swift */; };
		EA057A4826963FE2001F613E /* BlankView.swift in Sources */ = {isa = PBXBuildFile; fileRef = EA057A4726963FE2001F613E /* BlankView.swift */; };
		EA4F505126528DAA005E3406 /* DevoteIosApp.swift in Sources */ = {isa = PBXBuildFile; fileRef = EA4F505026528DAA005E3406 /* DevoteIosApp.swift */; };
		EA4F505326528DAA005E3406 /* ContentView.swift in Sources */ = {isa = PBXBuildFile; fileRef = EA4F505226528DAA005E3406 /* ContentView.swift */; };
		EA4F505526528DAB005E3406 /* Assets.xcassets in Resources */ = {isa = PBXBuildFile; fileRef = EA4F505426528DAB005E3406 /* Assets.xcassets */; };
		EA4F505826528DAB005E3406 /* Preview Assets.xcassets in Resources */ = {isa = PBXBuildFile; fileRef = EA4F505726528DAB005E3406 /* Preview Assets.xcassets */; };
		EA4F505A26528DAB005E3406 /* Persistence.swift in Sources */ = {isa = PBXBuildFile; fileRef = EA4F505926528DAB005E3406 /* Persistence.swift */; };
		EA4F505D26528DAB005E3406 /* DevoteIos.xcdatamodeld in Sources */ = {isa = PBXBuildFile; fileRef = EA4F505B26528DAB005E3406 /* DevoteIos.xcdatamodeld */; };
		EA4F506926528F72005E3406 /* sound-tap.mp3 in Resources */ = {isa = PBXBuildFile; fileRef = EA4F506626528F72005E3406 /* sound-tap.mp3 */; };
		EA4F506A26528F72005E3406 /* sound-rise.mp3 in Resources */ = {isa = PBXBuildFile; fileRef = EA4F506726528F72005E3406 /* sound-rise.mp3 */; };
		EA4F506B26528F72005E3406 /* sound-ding.mp3 in Resources */ = {isa = PBXBuildFile; fileRef = EA4F506826528F72005E3406 /* sound-ding.mp3 */; };
		EA969FBD265BBDC800F1A7E6 /* Constant.swift in Sources */ = {isa = PBXBuildFile; fileRef = EA969FBC265BBDC800F1A7E6 /* Constant.swift */; };
		EA969FC0265BC62D00F1A7E6 /* HideKeyboardExtension.swift in Sources */ = {isa = PBXBuildFile; fileRef = EA969FBF265BC62D00F1A7E6 /* HideKeyboardExtension.swift */; };
/* End PBXBuildFile section */

/* Begin PBXFileReference section */
		EA057A4326963933001F613E /* BackgroundImageView.swift */ = {isa = PBXFileReference; lastKnownFileType = sourcecode.swift; path = BackgroundImageView.swift; sourceTree = "<group>"; };
		EA057A4526963A65001F613E /* NewTaskItemView.swift */ = {isa = PBXFileReference; lastKnownFileType = sourcecode.swift; path = NewTaskItemView.swift; sourceTree = "<group>"; };
		EA057A4726963FE2001F613E /* BlankView.swift */ = {isa = PBXFileReference; lastKnownFileType = sourcecode.swift; path = BlankView.swift; sourceTree = "<group>"; };
		EA4F504D26528DAA005E3406 /* DevoteIos.app */ = {isa = PBXFileReference; explicitFileType = wrapper.application; includeInIndex = 0; path = DevoteIos.app; sourceTree = BUILT_PRODUCTS_DIR; };
		EA4F505026528DAA005E3406 /* DevoteIosApp.swift */ = {isa = PBXFileReference; lastKnownFileType = sourcecode.swift; path = DevoteIosApp.swift; sourceTree = "<group>"; };
		EA4F505226528DAA005E3406 /* ContentView.swift */ = {isa = PBXFileReference; lastKnownFileType = sourcecode.swift; path = ContentView.swift; sourceTree = "<group>"; };
		EA4F505426528DAB005E3406 /* Assets.xcassets */ = {isa = PBXFileReference; lastKnownFileType = folder.assetcatalog; path = Assets.xcassets; sourceTree = "<group>"; };
		EA4F505726528DAB005E3406 /* Preview Assets.xcassets */ = {isa = PBXFileReference; lastKnownFileType = folder.assetcatalog; path = "Preview Assets.xcassets"; sourceTree = "<group>"; };
		EA4F505926528DAB005E3406 /* Persistence.swift */ = {isa = PBXFileReference; lastKnownFileType = sourcecode.swift; path = Persistence.swift; sourceTree = "<group>"; };
		EA4F505C26528DAB005E3406 /* DevoteIos.xcdatamodel */ = {isa = PBXFileReference; lastKnownFileType = wrapper.xcdatamodel; path = DevoteIos.xcdatamodel; sourceTree = "<group>"; };
		EA4F505E26528DAB005E3406 /* Info.plist */ = {isa = PBXFileReference; lastKnownFileType = text.plist.xml; path = Info.plist; sourceTree = "<group>"; };
		EA4F506626528F72005E3406 /* sound-tap.mp3 */ = {isa = PBXFileReference; lastKnownFileType = audio.mp3; path = "sound-tap.mp3"; sourceTree = "<group>"; };
		EA4F506726528F72005E3406 /* sound-rise.mp3 */ = {isa = PBXFileReference; lastKnownFileType = audio.mp3; path = "sound-rise.mp3"; sourceTree = "<group>"; };
		EA4F506826528F72005E3406 /* sound-ding.mp3 */ = {isa = PBXFileReference; lastKnownFileType = audio.mp3; path = "sound-ding.mp3"; sourceTree = "<group>"; };
		EA969FBC265BBDC800F1A7E6 /* Constant.swift */ = {isa = PBXFileReference; lastKnownFileType = sourcecode.swift; path = Constant.swift; sourceTree = "<group>"; };
		EA969FBF265BC62D00F1A7E6 /* HideKeyboardExtension.swift */ = {isa = PBXFileReference; lastKnownFileType = sourcecode.swift; path = HideKeyboardExtension.swift; sourceTree = "<group>"; };
/* End PBXFileReference section */

/* Begin PBXFrameworksBuildPhase section */
		EA4F504A26528DAA005E3406 /* Frameworks */ = {
			isa = PBXFrameworksBuildPhase;
			buildActionMask = 2147483647;
			files = (
			);
			runOnlyForDeploymentPostprocessing = 0;
		};
/* End PBXFrameworksBuildPhase section */

/* Begin PBXGroup section */
		EA4F504426528DAA005E3406 = {
			isa = PBXGroup;
			children = (
				EA4F504F26528DAA005E3406 /* DevoteIos */,
				EA4F504E26528DAA005E3406 /* Products */,
			);
			sourceTree = "<group>";
		};
		EA4F504E26528DAA005E3406 /* Products */ = {
			isa = PBXGroup;
			children = (
				EA4F504D26528DAA005E3406 /* DevoteIos.app */,
			);
			name = Products;
			sourceTree = "<group>";
		};
		EA4F504F26528DAA005E3406 /* DevoteIos */ = {
			isa = PBXGroup;
			children = (
				EA4F505026528DAA005E3406 /* DevoteIosApp.swift */,
				EA4F506E26528F95005E3406 /* View */,
				EA4F507226528FD1005E3406 /* Style */,
				EA4F507126528FBC005E3406 /* Utility */,
				EA4F507026528FAE005E3406 /* Extension */,
				EA4F506D26528F89005E3406 /* Sound */,
				EA4F505426528DAB005E3406 /* Assets.xcassets */,
				EA4F507326529023005E3406 /* Model */,
				EA4F505E26528DAB005E3406 /* Info.plist */,
				EA4F505626528DAB005E3406 /* Preview Content */,
			);
			path = DevoteIos;
			sourceTree = "<group>";
		};
		EA4F505626528DAB005E3406 /* Preview Content */ = {
			isa = PBXGroup;
			children = (
				EA4F505726528DAB005E3406 /* Preview Assets.xcassets */,
			);
			path = "Preview Content";
			sourceTree = "<group>";
		};
		EA4F506D26528F89005E3406 /* Sound */ = {
			isa = PBXGroup;
			children = (
				EA4F506826528F72005E3406 /* sound-ding.mp3 */,
				EA4F506726528F72005E3406 /* sound-rise.mp3 */,
				EA4F506626528F72005E3406 /* sound-tap.mp3 */,
			);
			path = Sound;
			sourceTree = "<group>";
		};
		EA4F506E26528F95005E3406 /* View */ = {
			isa = PBXGroup;
			children = (
				EA4F505226528DAA005E3406 /* ContentView.swift */,
				EA057A4326963933001F613E /* BackgroundImageView.swift */,
				EA057A4526963A65001F613E /* NewTaskItemView.swift */,
				EA057A4726963FE2001F613E /* BlankView.swift */,
			);
			path = View;
			sourceTree = "<group>";
		};
		EA4F507026528FAE005E3406 /* Extension */ = {
			isa = PBXGroup;
			children = (
				EA969FBF265BC62D00F1A7E6 /* HideKeyboardExtension.swift */,
			);
			path = Extension;
			sourceTree = "<group>";
		};
		EA4F507126528FBC005E3406 /* Utility */ = {
			isa = PBXGroup;
			children = (
				EA969FBC265BBDC800F1A7E6 /* Constant.swift */,
			);
			path = Utility;
			sourceTree = "<group>";
		};
		EA4F507226528FD1005E3406 /* Style */ = {
			isa = PBXGroup;
			children = (
			);
			path = Style;
			sourceTree = "<group>";
		};
		EA4F507326529023005E3406 /* Model */ = {
			isa = PBXGroup;
			children = (
				EA4F505926528DAB005E3406 /* Persistence.swift */,
				EA4F505B26528DAB005E3406 /* DevoteIos.xcdatamodeld */,
			);
			path = Model;
			sourceTree = "<group>";
		};
/* End PBXGroup section */

/* Begin PBXNativeTarget section */
		EA4F504C26528DAA005E3406 /* DevoteIos */ = {
			isa = PBXNativeTarget;
			buildConfigurationList = EA4F506126528DAB005E3406 /* Build configuration list for PBXNativeTarget "DevoteIos" */;
			buildPhases = (
				EA4F504926528DAA005E3406 /* Sources */,
				EA4F504A26528DAA005E3406 /* Frameworks */,
				EA4F504B26528DAA005E3406 /* Resources */,
			);
			buildRules = (
			);
			dependencies = (
			);
			name = DevoteIos;
			productName = DevoteIos;
			productReference = EA4F504D26528DAA005E3406 /* DevoteIos.app */;
			productType = "com.apple.product-type.application";
		};
/* End PBXNativeTarget section */

/* Begin PBXProject section */
		EA4F504526528DAA005E3406 /* Project object */ = {
			isa = PBXProject;
			attributes = {
				LastSwiftUpdateCheck = 1240;
				LastUpgradeCheck = 1240;
				TargetAttributes = {
					EA4F504C26528DAA005E3406 = {
						CreatedOnToolsVersion = 12.4;
					};
				};
			};
			buildConfigurationList = EA4F504826528DAA005E3406 /* Build configuration list for PBXProject "DevoteIos" */;
			compatibilityVersion = "Xcode 9.3";
			developmentRegion = en;
			hasScannedForEncodings = 0;
			knownRegions = (
				en,
				Base,
			);
			mainGroup = EA4F504426528DAA005E3406;
			productRefGroup = EA4F504E26528DAA005E3406 /* Products */;
			projectDirPath = "";
			projectRoot = "";
			targets = (
				EA4F504C26528DAA005E3406 /* DevoteIos */,
			);
		};
/* End PBXProject section */

/* Begin PBXResourcesBuildPhase section */
		EA4F504B26528DAA005E3406 /* Resources */ = {
			isa = PBXResourcesBuildPhase;
			buildActionMask = 2147483647;
			files = (
				EA4F506B26528F72005E3406 /* sound-ding.mp3 in Resources */,
				EA4F506926528F72005E3406 /* sound-tap.mp3 in Resources */,
				EA4F506A26528F72005E3406 /* sound-rise.mp3 in Resources */,
				EA4F505826528DAB005E3406 /* Preview Assets.xcassets in Resources */,
				EA4F505526528DAB005E3406 /* Assets.xcassets in Resources */,
			);
			runOnlyForDeploymentPostprocessing = 0;
		};
/* End PBXResourcesBuildPhase section */

/* Begin PBXSourcesBuildPhase section */
		EA4F504926528DAA005E3406 /* Sources */ = {
			isa = PBXSourcesBuildPhase;
			buildActionMask = 2147483647;
			files = (
				EA4F505D26528DAB005E3406 /* DevoteIos.xcdatamodeld in Sources */,
				EA057A4426963933001F613E /* BackgroundImageView.swift in Sources */,
				EA4F505A26528DAB005E3406 /* Persistence.swift in Sources */,
				EA969FC0265BC62D00F1A7E6 /* HideKeyboardExtension.swift in Sources */,
				EA057A4826963FE2001F613E /* BlankView.swift in Sources */,
				EA969FBD265BBDC800F1A7E6 /* Constant.swift in Sources */,
				EA4F505326528DAA005E3406 /* ContentView.swift in Sources */,
				EA4F505126528DAA005E3406 /* DevoteIosApp.swift in Sources */,
				EA057A4626963A65001F613E /* NewTaskItemView.swift in Sources */,
			);
			runOnlyForDeploymentPostprocessing = 0;
		};
/* End PBXSourcesBuildPhase section */

/* Begin XCBuildConfiguration section */
		EA4F505F26528DAB005E3406 /* Debug */ = {
			isa = XCBuildConfiguration;
			buildSettings = {
				ALWAYS_SEARCH_USER_PATHS = NO;
				CLANG_ANALYZER_NONNULL = YES;
				CLANG_ANALYZER_NUMBER_OBJECT_CONVERSION = YES_AGGRESSIVE;
				CLANG_CXX_LANGUAGE_STANDARD = "gnu++14";
				CLANG_CXX_LIBRARY = "libc++";
				CLANG_ENABLE_MODULES = YES;
				CLANG_ENABLE_OBJC_ARC = YES;
				CLANG_ENABLE_OBJC_WEAK = YES;
				CLANG_WARN_BLOCK_CAPTURE_AUTORELEASING = YES;
				CLANG_WARN_BOOL_CONVERSION = YES;
				CLANG_WARN_COMMA = YES;
				CLANG_WARN_CONSTANT_CONVERSION = YES;
				CLANG_WARN_DEPRECATED_OBJC_IMPLEMENTATIONS = YES;
				CLANG_WARN_DIRECT_OBJC_ISA_USAGE = YES_ERROR;
				CLANG_WARN_DOCUMENTATION_COMMENTS = YES;
				CLANG_WARN_EMPTY_BODY = YES;
				CLANG_WARN_ENUM_CONVERSION = YES;
				CLANG_WARN_INFINITE_RECURSION = YES;
				CLANG_WARN_INT_CONVERSION = YES;
				CLANG_WARN_NON_LITERAL_NULL_CONVERSION = YES;
				CLANG_WARN_OBJC_IMPLICIT_RETAIN_SELF = YES;
				CLANG_WARN_OBJC_LITERAL_CONVERSION = YES;
				CLANG_WARN_OBJC_ROOT_CLASS = YES_ERROR;
				CLANG_WARN_QUOTED_INCLUDE_IN_FRAMEWORK_HEADER = YES;
				CLANG_WARN_RANGE_LOOP_ANALYSIS = YES;
				CLANG_WARN_STRICT_PROTOTYPES = YES;
				CLANG_WARN_SUSPICIOUS_MOVE = YES;
				CLANG_WARN_UNGUARDED_AVAILABILITY = YES_AGGRESSIVE;
				CLANG_WARN_UNREACHABLE_CODE = YES;
				CLANG_WARN__DUPLICATE_METHOD_MATCH = YES;
				COPY_PHASE_STRIP = NO;
				DEBUG_INFORMATION_FORMAT = dwarf;
				ENABLE_STRICT_OBJC_MSGSEND = YES;
				ENABLE_TESTABILITY = YES;
				GCC_C_LANGUAGE_STANDARD = gnu11;
				GCC_DYNAMIC_NO_PIC = NO;
				GCC_NO_COMMON_BLOCKS = YES;
				GCC_OPTIMIZATION_LEVEL = 0;
				GCC_PREPROCESSOR_DEFINITIONS = (
					"DEBUG=1",
					"$(inherited)",
				);
				GCC_WARN_64_TO_32_BIT_CONVERSION = YES;
				GCC_WARN_ABOUT_RETURN_TYPE = YES_ERROR;
				GCC_WARN_UNDECLARED_SELECTOR = YES;
				GCC_WARN_UNINITIALIZED_AUTOS = YES_AGGRESSIVE;
				GCC_WARN_UNUSED_FUNCTION = YES;
				GCC_WARN_UNUSED_VARIABLE = YES;
				IPHONEOS_DEPLOYMENT_TARGET = 14.4;
				MTL_ENABLE_DEBUG_INFO = INCLUDE_SOURCE;
				MTL_FAST_MATH = YES;
				ONLY_ACTIVE_ARCH = YES;
				SDKROOT = iphoneos;
				SWIFT_ACTIVE_COMPILATION_CONDITIONS = DEBUG;
				SWIFT_OPTIMIZATION_LEVEL = "-Onone";
			};
			name = Debug;
		};
		EA4F506026528DAB005E3406 /* Release */ = {
			isa = XCBuildConfiguration;
			buildSettings = {
				ALWAYS_SEARCH_USER_PATHS = NO;
				CLANG_ANALYZER_NONNULL = YES;
				CLANG_ANALYZER_NUMBER_OBJECT_CONVERSION = YES_AGGRESSIVE;
				CLANG_CXX_LANGUAGE_STANDARD = "gnu++14";
				CLANG_CXX_LIBRARY = "libc++";
				CLANG_ENABLE_MODULES = YES;
				CLANG_ENABLE_OBJC_ARC = YES;
				CLANG_ENABLE_OBJC_WEAK = YES;
				CLANG_WARN_BLOCK_CAPTURE_AUTORELEASING = YES;
				CLANG_WARN_BOOL_CONVERSION = YES;
				CLANG_WARN_COMMA = YES;
				CLANG_WARN_CONSTANT_CONVERSION = YES;
				CLANG_WARN_DEPRECATED_OBJC_IMPLEMENTATIONS = YES;
				CLANG_WARN_DIRECT_OBJC_ISA_USAGE = YES_ERROR;
				CLANG_WARN_DOCUMENTATION_COMMENTS = YES;
				CLANG_WARN_EMPTY_BODY = YES;
				CLANG_WARN_ENUM_CONVERSION = YES;
				CLANG_WARN_INFINITE_RECURSION = YES;
				CLANG_WARN_INT_CONVERSION = YES;
				CLANG_WARN_NON_LITERAL_NULL_CONVERSION = YES;
				CLANG_WARN_OBJC_IMPLICIT_RETAIN_SELF = YES;
				CLANG_WARN_OBJC_LITERAL_CONVERSION = YES;
				CLANG_WARN_OBJC_ROOT_CLASS = YES_ERROR;
				CLANG_WARN_QUOTED_INCLUDE_IN_FRAMEWORK_HEADER = YES;
				CLANG_WARN_RANGE_LOOP_ANALYSIS = YES;
				CLANG_WARN_STRICT_PROTOTYPES = YES;
				CLANG_WARN_SUSPICIOUS_MOVE = YES;
				CLANG_WARN_UNGUARDED_AVAILABILITY = YES_AGGRESSIVE;
				CLANG_WARN_UNREACHABLE_CODE = YES;
				CLANG_WARN__DUPLICATE_METHOD_MATCH = YES;
				COPY_PHASE_STRIP = NO;
				DEBUG_INFORMATION_FORMAT = "dwarf-with-dsym";
				ENABLE_NS_ASSERTIONS = NO;
				ENABLE_STRICT_OBJC_MSGSEND = YES;
				GCC_C_LANGUAGE_STANDARD = gnu11;
				GCC_NO_COMMON_BLOCKS = YES;
				GCC_WARN_64_TO_32_BIT_CONVERSION = YES;
				GCC_WARN_ABOUT_RETURN_TYPE = YES_ERROR;
				GCC_WARN_UNDECLARED_SELECTOR = YES;
				GCC_WARN_UNINITIALIZED_AUTOS = YES_AGGRESSIVE;
				GCC_WARN_UNUSED_FUNCTION = YES;
				GCC_WARN_UNUSED_VARIABLE = YES;
				IPHONEOS_DEPLOYMENT_TARGET = 14.4;
				MTL_ENABLE_DEBUG_INFO = NO;
				MTL_FAST_MATH = YES;
				SDKROOT = iphoneos;
				SWIFT_COMPILATION_MODE = wholemodule;
				SWIFT_OPTIMIZATION_LEVEL = "-O";
				VALIDATE_PRODUCT = YES;
			};
			name = Release;
		};
		EA4F506226528DAB005E3406 /* Debug */ = {
			isa = XCBuildConfiguration;
			buildSettings = {
				ASSETCATALOG_COMPILER_APPICON_NAME = AppIcon;
				ASSETCATALOG_COMPILER_GLOBAL_ACCENT_COLOR_NAME = AccentColor;
				CODE_SIGN_STYLE = Automatic;
				DEVELOPMENT_ASSET_PATHS = "\"DevoteIos/Preview Content\"";
				DEVELOPMENT_TEAM = P3MY8KZZK3;
				ENABLE_PREVIEWS = YES;
				INFOPLIST_FILE = DevoteIos/Info.plist;
				IPHONEOS_DEPLOYMENT_TARGET = 14.0;
				LD_RUNPATH_SEARCH_PATHS = (
					"$(inherited)",
					"@executable_path/Frameworks",
				);
				PRODUCT_BUNDLE_IDENTIFIER = com.ramiouunifi.DevoteIos;
				PRODUCT_NAME = "$(TARGET_NAME)";
				SWIFT_VERSION = 5.0;
				TARGETED_DEVICE_FAMILY = "1,2";
			};
			name = Debug;
		};
		EA4F506326528DAB005E3406 /* Release */ = {
			isa = XCBuildConfiguration;
			buildSettings = {
				ASSETCATALOG_COMPILER_APPICON_NAME = AppIcon;
				ASSETCATALOG_COMPILER_GLOBAL_ACCENT_COLOR_NAME = AccentColor;
				CODE_SIGN_STYLE = Automatic;
				DEVELOPMENT_ASSET_PATHS = "\"DevoteIos/Preview Content\"";
				DEVELOPMENT_TEAM = P3MY8KZZK3;
				ENABLE_PREVIEWS = YES;
				INFOPLIST_FILE = DevoteIos/Info.plist;
				IPHONEOS_DEPLOYMENT_TARGET = 14.0;
				LD_RUNPATH_SEARCH_PATHS = (
					"$(inherited)",
					"@executable_path/Frameworks",
				);
				PRODUCT_BUNDLE_IDENTIFIER = com.ramiouunifi.DevoteIos;
				PRODUCT_NAME = "$(TARGET_NAME)";
				SWIFT_VERSION = 5.0;
				TARGETED_DEVICE_FAMILY = "1,2";
			};
			name = Release;
		};
/* End XCBuildConfiguration section */

/* Begin XCConfigurationList section */
		EA4F504826528DAA005E3406 /* Build configuration list for PBXProject "DevoteIos" */ = {
			isa = XCConfigurationList;
			buildConfigurations = (
				EA4F505F26528DAB005E3406 /* Debug */,
				EA4F506026528DAB005E3406 /* Release */,
			);
			defaultConfigurationIsVisible = 0;
			defaultConfigurationName = Release;
		};
		EA4F506126528DAB005E3406 /* Build configuration list for PBXNativeTarget "DevoteIos" */ = {
			isa = XCConfigurationList;
			buildConfigurations = (
				EA4F506226528DAB005E3406 /* Debug */,
				EA4F506326528DAB005E3406 /* Release */,
			);
			defaultConfigurationIsVisible = 0;
			defaultConfigurationName = Release;
		};
/* End XCConfigurationList section */

/* Begin XCVersionGroup section */
		EA4F505B26528DAB005E3406 /* DevoteIos.xcdatamodeld */ = {
			isa = XCVersionGroup;
			children = (
				EA4F505C26528DAB005E3406 /* DevoteIos.xcdatamodel */,
			);
			currentVersion = EA4F505C26528DAB005E3406 /* DevoteIos.xcdatamodel */;
			path = DevoteIos.xcdatamodeld;
			sourceTree = "<group>";
			versionGroupType = wrapper.xcdatamodel;
		};
/* End XCVersionGroup section */
	};
	rootObject = EA4F504526528DAA005E3406 /* Project object */;
}
